
Microsoft Visual Studio Solution File, Format Version 12.00
# Visual Studio Version 17
VisualStudioVersion = 17.5.33502.453
MinimumVisualStudioVersion = 10.0.40219.1
Project("{2150E333-8FDC-42A3-9474-1A3956D46DE8}") = "Internal", "Internal", "{345DD5DB-99EC-46E3-9F31-C93AA9E85986}"
	ProjectSection(SolutionItems) = preProject
		Internal\.editorconfig = Internal\.editorconfig
	EndProjectSection
EndProject
Project("{2150E333-8FDC-42A3-9474-1A3956D46DE8}") = "Scripts", "Scripts", "{02F03F4B-55E0-47F1-92D0-7EDDD7FAAE00}"
EndProject
Project("{2150E333-8FDC-42A3-9474-1A3956D46DE8}") = "Dlls", "Dlls", "{7F74E6AC-A403-466F-BBC1-4FED842D4EE1}"
	ProjectSection(SolutionItems) = preProject
		Dlls\ABOUT.md = Dlls\ABOUT.md
	EndProjectSection
EndProject
Project("{2150E333-8FDC-42A3-9474-1A3956D46DE8}") = "CompanionFiles", "CompanionFiles", "{2F04F912-2B19-4DA0-9DB3-88A8DD21A746}"
EndProject
Project("{2150E333-8FDC-42A3-9474-1A3956D46DE8}") = "Skyline DataMiner", "Skyline DataMiner", "{265357F3-D07F-4C6B-B3DF-7F9F459BA808}"
	ProjectSection(SolutionItems) = preProject
		CompanionFiles\Skyline DataMiner\AboutThisFolder.md = CompanionFiles\Skyline DataMiner\AboutThisFolder.md
	EndProjectSection
EndProject
Project("{2150E333-8FDC-42A3-9474-1A3956D46DE8}") = "Documentation", "Documentation", "{7196CEF6-2775-460F-B8F6-4D8D3CF0D279}"
	ProjectSection(SolutionItems) = preProject
		Documentation\ABOUT.md = Documentation\ABOUT.md
		README.md = README.md
	EndProjectSection
EndProject
Project("{2150E333-8FDC-42A3-9474-1A3956D46DE8}") = "Tests", "Tests", "{F8938D60-51A0-4880-9CFC-19C66379BB5D}"
EndProject
Project("{2150E333-8FDC-42A3-9474-1A3956D46DE8}") = "Code Analysis", "Code Analysis", "{45E21389-1E6F-4049-8ECD-58A9EC1605C6}"
	ProjectSection(SolutionItems) = preProject
		Internal\Code Analysis\qaction-debug.ruleset = Internal\Code Analysis\qaction-debug.ruleset
		Internal\Code Analysis\qaction-release.ruleset = Internal\Code Analysis\qaction-release.ruleset
		Internal\Code Analysis\stylecop.json = Internal\Code Analysis\stylecop.json
	EndProjectSection
EndProject
Project("{2150E333-8FDC-42A3-9474-1A3956D46DE8}") = "Automation", "Automation", "{2B84001E-98B4-4312-9C04-F3537D3A10F4}"
	ProjectSection(SolutionItems) = preProject
		Automation.xml = Automation.xml
	EndProjectSection
EndProject
Project("{2150E333-8FDC-42A3-9474-1A3956D46DE8}") = "Actions", "Actions", "{4F066ECE-45A8-4FF6-84B9-E98094A7169D}"
EndProject
Project("{9A19103F-16F7-4668-BE54-9A1E7A4F7556}") = "Automation_1", "Automation_1\Automation_1.csproj", "{2DFD6454-5AA5-46D1-9F7F-EF01EA8D1A8E}"
EndProject
Global
	GlobalSection(SolutionConfigurationPlatforms) = preSolution
		Debug|Any CPU = Debug|Any CPU
		Release|Any CPU = Release|Any CPU
	EndGlobalSection
	GlobalSection(ProjectConfigurationPlatforms) = postSolution
		{2DFD6454-5AA5-46D1-9F7F-EF01EA8D1A8E}.Debug|Any CPU.ActiveCfg = Debug|Any CPU
		{2DFD6454-5AA5-46D1-9F7F-EF01EA8D1A8E}.Debug|Any CPU.Build.0 = Debug|Any CPU
		{2DFD6454-5AA5-46D1-9F7F-EF01EA8D1A8E}.Release|Any CPU.ActiveCfg = Release|Any CPU
		{2DFD6454-5AA5-46D1-9F7F-EF01EA8D1A8E}.Release|Any CPU.Build.0 = Release|Any CPU
	EndGlobalSection
	GlobalSection(SolutionProperties) = preSolution
		HideSolutionNode = FALSE
	EndGlobalSection
	GlobalSection(NestedProjects) = preSolution
		{265357F3-D07F-4C6B-B3DF-7F9F459BA808} = {2F04F912-2B19-4DA0-9DB3-88A8DD21A746}
		{45E21389-1E6F-4049-8ECD-58A9EC1605C6} = {345DD5DB-99EC-46E3-9F31-C93AA9E85986}
		{2B84001E-98B4-4312-9C04-F3537D3A10F4} = {02F03F4B-55E0-47F1-92D0-7EDDD7FAAE00}
		{4F066ECE-45A8-4FF6-84B9-E98094A7169D} = {2B84001E-98B4-4312-9C04-F3537D3A10F4}
		{2DFD6454-5AA5-46D1-9F7F-EF01EA8D1A8E} = {4F066ECE-45A8-4FF6-84B9-E98094A7169D}
	EndGlobalSection
	GlobalSection(ExtensibilityGlobals) = postSolution
		SolutionGuid = {C573740F-BABD-4F13-9513-2C15B5F4D98D}
	EndGlobalSection
EndGlobal
